# THIS IS AN AUTOGENERATED FILE. DO NOT EDIT THIS FILE DIRECTLY.
# yarn lockfile v1


"@types/node@*", "@types/node@^18.14.6":
  version "18.14.6"
  resolved "https://registry.yarnpkg.com/@types/node/-/node-18.14.6.tgz#ae1973dd2b1eeb1825695bb11ebfb746d27e3e93"
  integrity sha512-93+VvleD3mXwlLI/xASjw0FzKcwzl3OdTCzm1LaRfqgS21gfFtK3zDXM5Op9TeeMsJVOaJ2VRDpT9q4Y3d0AvA==

"@types/pngjs@^6.0.1":
  version "6.0.1"
  resolved "https://registry.yarnpkg.com/@types/pngjs/-/pngjs-6.0.1.tgz#c711ec3fbbf077fed274ecccaf85dd4673130072"
  integrity sha512-J39njbdW1U/6YyVXvC9+1iflZghP8jgRf2ndYghdJb5xL49LYDB+1EuAxfbuJ2IBbWIL3AjHPQhgaTxT3YaYeg==
  dependencies:
    "@types/node" "*"

commander@^10.0.0:
  version "10.0.0"
  resolved "https://registry.yarnpkg.com/commander/-/commander-10.0.0.tgz#71797971162cd3cf65f0b9d24eb28f8d303acdf1"
  integrity sha512-zS5PnTI22FIRM6ylNW8G4Ap0IEOyk62fhLSD0+uHRT9McRCLGpkVNvao4bjimpK/GShynyQkFFxHhwMcETmduA==

pixelmatch@mapbox/pixelmatch:
  version "5.3.0"
  resolved "https://codeload.github.com/mapbox/pixelmatch/tar.gz/741803bc9cf30e436f4d94459b2fe5e0e6dd8008"
  dependencies:
    pngjs "^6.0.0"

pngjs@^6.0.0:
  version "6.0.0"
  resolved "https://registry.yarnpkg.com/pngjs/-/pngjs-6.0.0.tgz#ca9e5d2aa48db0228a52c419c3308e87720da821"
  integrity sha512-TRzzuFRRmEoSW/p1KVAmiOgPco2Irlah+bGFCeNfJXxxYGwSw7YwAOAcd7X28K/m5bjBWKsC29KyoMfHbypayg==

pngjs@^7.0.0:
  version "7.0.0"
  resolved "https://registry.yarnpkg.com/pngjs/-/pngjs-7.0.0.tgz#a8b7446020ebbc6ac739db6c5415a65d17090e26"
  integrity sha512-LKWqWJRhstyYo9pGvgor/ivk2w94eSjE3RGVuzLGlr3NmD8bf7RcYGze1mNdEHRP6TRP6rMuDHk5t44hnTRyow==

prettier@^2.8.4:
  version "2.8.4"
  resolved "https://registry.yarnpkg.com/prettier/-/prettier-2.8.4.tgz#34dd2595629bfbb79d344ac4a91ff948694463c3"
  integrity sha512-vIS4Rlc2FNh0BySk3Wkd6xmwxB0FpOndW5fisM5H8hsZSxU2VWVB5CWIkIjWvrHjIhxk2g3bfMKM87zNTrZddw==
